// !$*UTF8*$!
{
	archiveVersion = 1;
	classes = {
	};
	objectVersion = 46;
	objects = {

/* Begin PBXBuildFile section */
		0E05D1D71E1393F600E724FF /* main.m in Sources */ = {isa = PBXBuildFile; fileRef = 0E05D1D61E1393F600E724FF /* main.m */; };
		0E05D1DF1E1394E400E724FF /* Permutation.m in Sources */ = {isa = PBXBuildFile; fileRef = 0E05D1DE1E1394E400E724FF /* Permutation.m */; };
/* End PBXBuildFile section */

/* Begin PBXCopyFilesBuildPhase section */
		0E05D1D11E1393F600E724FF /* CopyFiles */ = {
			isa = PBXCopyFilesBuildPhase;
			buildActionMask = 2147483647;
			dstPath = /usr/share/man/man1/;
			dstSubfolderSpec = 0;
			files = (
			);
			runOnlyForDeploymentPostprocessing = 1;
		};
/* End PBXCopyFilesBuildPhase section */

/* Begin PBXFileReference section */
		0E05D1D31E1393F600E724FF /* PermutationCalculate */ = {isa = PBXFileReference; explicitFileType = "compiled.mach-o.executable"; includeInIndex = 0; path = PermutationCalculate; sourceTree = BUILT_PRODUCTS_DIR; };
		0E05D1D61E1393F600E724FF /* main.m */ = {isa = PBXFileReference; lastKnownFileType = sourcecode.c.objc; path = main.m; sourceTree = "<group>"; };
		0E05D1DD1E1394E400E724FF /* Permutation.h */ = {isa = PBXFileReference; fileEncoding = 4; lastKnownFileType = sourcecode.c.h; path = Permutation.h; sourceTree = "<group>"; };
		0E05D1DE1E1394E400E724FF /* Permutation.m */ = {isa = PBXFileReference; fileEncoding = 4; lastKnownFileType = sourcecode.c.objc; path = Permutation.m; sourceTree = "<group>"; };
/* End PBXFileReference section */

/* Begin PBXFrameworksBuildPhase section */
		0E05D1D01E1393F600E724FF /* Frameworks */ = {
			isa = PBXFrameworksBuildPhase;
			buildActionMask = 2147483647;
			files = (
			);
			runOnlyForDeploymentPostprocessing = 0;
		};
/* End PBXFrameworksBuildPhase section */

/* Begin PBXGroup section */
		0E05D1CA1E1393F600E724FF = {
			isa = PBXGroup;
			children = (
				0E05D1D51E1393F600E724FF /* PermutationCalculate */,
				0E05D1D41E1393F600E724FF /* Products */,
			);
			sourceTree = "<group>";
		};
		0E05D1D41E1393F600E724FF /* Products */ = {
			isa = PBXGroup;
			children = (
				0E05D1D31E1393F600E724FF /* PermutationCalculate */,
			);
			name = Products;
			sourceTree = "<group>";
		};
		0E05D1D51E1393F600E724FF /* PermutationCalculate */ = {
			isa = PBXGroup;
			children = (
				0E05D1DD1E1394E400E724FF /* Permutation.h */,
				0E05D1DE1E1394E400E724FF /* Permutation.m */,
				0E05D1D61E1393F600E724FF /* main.m */,
			);
			path = PermutationCalculate;
			sourceTree = "<group>";
		};
/* End PBXGroup section */

/* Begin PBXNativeTarget section */
		0E05D1D21E1393F600E724FF /* PermutationCalculate */ = {
			isa = PBXNativeTarget;
			buildConfigurationList = 0E05D1DA1E1393F600E724FF /* Build configuration list for PBXNativeTarget "PermutationCalculate" */;
			buildPhases = (
				0E05D1CF1E1393F600E724FF /* Sources */,
				0E05D1D01E1393F600E724FF /* Frameworks */,
				0E05D1D11E1393F600E724FF /* CopyFiles */,
			);
			buildRules = (
			);
			dependencies = (
			);
			name = PermutationCalculate;
			productName = PermutationCalculate;
			productReference = 0E05D1D31E1393F600E724FF /* PermutationCalculate */;
			productType = "com.apple.product-type.tool";
		};
/* End PBXNativeTarget section */

/* Begin PBXProject section */
		0E05D1CB1E1393F600E724FF /* Project object */ = {
			isa = PBXProject;
			attributes = {
				LastUpgradeCheck = 0820;
				ORGANIZATIONNAME = "licheng ke";
				TargetAttributes = {
					0E05D1D21E1393F600E724FF = {
						CreatedOnToolsVersion = 8.2;
						ProvisioningStyle = Automatic;
					};
				};
			};
			buildConfigurationList = 0E05D1CE1E1393F600E724FF /* Build configuration list for PBXProject "PermutationCalculate" */;
			compatibilityVersion = "Xcode 3.2";
			developmentRegion = English;
			hasScannedForEncodings = 0;
			knownRegions = (
				en,
			);
			mainGroup = 0E05D1CA1E1393F600E724FF;
			productRefGroup = 0E05D1D41E1393F600E724FF /* Products */;
			projectDirPath = "";
			projectRoot = "";
			targets = (
				0E05D1D21E1393F600E724FF /* PermutationCalculate */,
			);
		};
/* End PBXProject section */

/* Begin PBXSourcesBuildPhase section */
		0E05D1CF1E1393F600E724FF /* Sources */ = {
			isa = PBXSourcesBuildPhase;
			buildActionMask = 2147483647;
			files = (
				0E05D1DF1E1394E400E724FF /* Permutation.m in Sources */,
				0E05D1D71E1393F600E724FF /* main.m in Sources */,
			);
			runOnlyForDeploymentPostprocessing = 0;
		};
/* End PBXSourcesBuildPhase section */

/* Begin XCBuildConfiguration section */
		0E05D1D81E1393F600E724FF /* Debug */ = {
			isa = XCBuildConfiguration;
			buildSettings = {
				ALWAYS_SEARCH_USER_PATHS = NO;
				CLANG_ANALYZER_NONNULL = YES;
				CLANG_CXX_LANGUAGE_STANDARD = "gnu++0x";
				CLANG_CXX_LIBRARY = "libc++";
				CLANG_ENABLE_MODULES = YES;
				CLANG_ENABLE_OBJC_ARC = YES;
				CLANG_WARN_BOOL_CONVERSION = YES;
				CLANG_WARN_CONSTANT_CONVERSION = YES;
				CLANG_WARN_DIRECT_OBJC_ISA_USAGE = YES_ERROR;
				CLANG_WARN_DOCUMENTATION_COMMENTS = YES;
				CLANG_WARN_EMPTY_BODY = YES;
				CLANG_WARN_ENUM_CONVERSION = YES;
				CLANG_WARN_INFINITE_RECURSION = YES;
				CLANG_WARN_INT_CONVERSION = YES;
				CLANG_WARN_OBJC_ROOT_CLASS = YES_ERROR;
				CLANG_WARN_SUSPICIOUS_MOVE = YES;
				CLANG_WARN_UNREACHABLE_CODE = YES;
				CLANG_WARN__DUPLICATE_METHOD_MATCH = YES;
				CODE_SIGN_IDENTITY = "-";
				COPY_PHASE_STRIP = NO;
				DEBUG_INFORMATION_FORMAT = dwarf;
				ENABLE_STRICT_OBJC_MSGSEND = YES;
				ENABLE_TESTABILITY = YES;
				GCC_C_LANGUAGE_STANDARD = gnu99;
				GCC_DYNAMIC_NO_PIC = NO;
				GCC_NO_COMMON_BLOCKS = YES;
				GCC_OPTIMIZATION_LEVEL = 0;
				GCC_PREPROCESSOR_DEFINITIONS = (
					"DEBUG=1",
					"$(inherited)",
				);
				GCC_WARN_64_TO_32_BIT_CONVERSION = YES;
				GCC_WARN_ABOUT_RETURN_TYPE = YES_ERROR;
				GCC_WARN_UNDECLARED_SELECTOR = YES;
				GCC_WARN_UNINITIALIZED_AUTOS = YES_AGGRESSIVE;
				GCC_WARN_UNUSED_FUNCTION = YES;
				GCC_WARN_UNUSED_VARIABLE = YES;
				MACOSX_DEPLOYMENT_TARGET = 10.12;
				MTL_ENABLE_DEBUG_INFO = YES;
				ONLY_ACTIVE_ARCH = YES;
				SDKROOT = macosx;
			};
			name = Debug;
		};
		0E05D1D91E1393F600E724FF /* Release */ = {
			isa = XCBuildConfiguration;
			buildSettings = {
				ALWAYS_SEARCH_USER_PATHS = NO;
				CLANG_ANALYZER_NONNULL = YES;
				CLANG_CXX_LANGUAGE_STANDARD = "gnu++0x";
				CLANG_CXX_LIBRARY = "libc++";
				CLANG_ENABLE_MODULES = YES;
				CLANG_ENABLE_OBJC_ARC = YES;
				CLANG_WARN_BOOL_CONVERSION = YES;
				CLANG_WARN_CONSTANT_CONVERSION = YES;
				CLANG_WARN_DIRECT_OBJC_ISA_USAGE = YES_ERROR;
				CLANG_WARN_DOCUMENTATION_COMMENTS = YES;
				CLANG_WARN_EMPTY_BODY = YES;
				CLANG_WARN_ENUM_CONVERSION = YES;
				CLANG_WARN_INFINITE_RECURSION = YES;
				CLANG_WARN_INT_CONVERSION = YES;
				CLANG_WARN_OBJC_ROOT_CLASS = YES_ERROR;
				CLANG_WARN_SUSPICIOUS_MOVE = YES;
				CLANG_WARN_UNREACHABLE_CODE = YES;
				CLANG_WARN__DUPLICATE_METHOD_MATCH = YES;
				CODE_SIGN_IDENTITY = "-";
				COPY_PHASE_STRIP = NO;
				DEBUG_INFORMATION_FORMAT = "dwarf-with-dsym";
				ENABLE_NS_ASSERTIONS = NO;
				ENABLE_STRICT_OBJC_MSGSEND = YES;
				GCC_C_LANGUAGE_STANDARD = gnu99;
				GCC_NO_COMMON_BLOCKS = YES;
				GCC_WARN_64_TO_32_BIT_CONVERSION = YES;
				GCC_WARN_ABOUT_RETURN_TYPE = YES_ERROR;
				GCC_WARN_UNDECLARED_SELECTOR = YES;
				GCC_WARN_UNINITIALIZED_AUTOS = YES_AGGRESSIVE;
				GCC_WARN_UNUSED_FUNCTION = YES;
				GCC_WARN_UNUSED_VARIABLE = YES;
				MACOSX_DEPLOYMENT_TARGET = 10.12;
				MTL_ENABLE_DEBUG_INFO = NO;
				SDKROOT = macosx;
			};
			name = Release;
		};
		0E05D1DB1E1393F600E724FF /* Debug */ = {
			isa = XCBuildConfiguration;
			buildSettings = {
				PRODUCT_NAME = "$(TARGET_NAME)";
			};
			name = Debug;
		};
		0E05D1DC1E1393F600E724FF /* Release */ = {
			isa = XCBuildConfiguration;
			buildSettings = {
				PRODUCT_NAME = "$(TARGET_NAME)";
			};
			name = Release;
		};
/* End XCBuildConfiguration section */

/* Begin XCConfigurationList section */
		0E05D1CE1E1393F600E724FF /* Build configuration list for PBXProject "PermutationCalculate" */ = {
			isa = XCConfigurationList;
			buildConfigurations = (
				0E05D1D81E1393F600E724FF /* Debug */,
				0E05D1D91E1393F600E724FF /* Release */,
			);
			defaultConfigurationIsVisible = 0;
			defaultConfigurationName = Release;
		};
		0E05D1DA1E1393F600E724FF /* Build configuration list for PBXNativeTarget "PermutationCalculate" */ = {
			isa = XCConfigurationList;
			buildConfigurations = (
				0E05D1DB1E1393F600E724FF /* Debug */,
				0E05D1DC1E1393F600E724FF /* Release */,
			);
			defaultConfigurationIsVisible = 0;
		};
/* End XCConfigurationList section */
	};
	rootObject = 0E05D1CB1E1393F600E724FF /* Project object */;
}
